
Microsoft Visual Studio Solution File, Format Version 12.00
# Visual Studio Version 17
VisualStudioVersion = 17.2.32602.215
MinimumVisualStudioVersion = 10.0.40219.1
Project("{FAE04EC0-301F-11D3-BF4B-00C04F79EFBC}") = "Calculator", "Calculator\Calculator.csproj", "{1E7A8AD0-BA52-48CB-AF87-1BDB313BDE83}"
EndProject
Global
	GlobalSection(SolutionConfigurationPlatforms) = preSolution
		Debug|Any CPU = Debug|Any CPU
		Release|Any CPU = Release|Any CPU
	EndGlobalSection
	GlobalSection(ProjectConfigurationPlatforms) = postSolution
		{1E7A8AD0-BA52-48CB-AF87-1BDB313BDE83}.Debug|Any CPU.ActiveCfg = Debug|Any CPU
		{1E7A8AD0-BA52-48CB-AF87-1BDB313BDE83}.Debug|Any CPU.Build.0 = Debug|Any CPU
		{1E7A8AD0-BA52-48CB-AF87-1BDB313BDE83}.Release|Any CPU.ActiveCfg = Release|Any CPU
		{1E7A8AD0-BA52-48CB-AF87-1BDB313BDE83}.Release|Any CPU.Build.0 = Release|Any CPU
	EndGlobalSection
	GlobalSection(SolutionProperties) = preSolution
		HideSolutionNode = FALSE
	EndGlobalSection
	GlobalSection(ExtensibilityGlobals) = postSolution
		SolutionGuid = {40D91633-8B75-4868-A7A9-ED94497E7530}
	EndGlobalSection
EndGlobal
